version: 6
environments:
  default:
    channels:
    - url: https://conda.anaconda.org/conda-forge/
    indexes:
    - https://pypi.org/simple
    packages:
      osx-arm64:
      - conda: https://conda.anaconda.org/conda-forge/noarch/annotated-types-0.7.0-pyhd8ed1ab_1.conda
      - conda: https://conda.anaconda.org/conda-forge/osx-arm64/bzip2-1.0.8-h99b78c6_7.conda
      - conda: https://conda.anaconda.org/conda-forge/noarch/ca-certificates-2025.4.26-hbd8a1cb_0.conda
      - conda: https://conda.anaconda.org/conda-forge/osx-arm64/cyrus-sasl-2.1.27-h60b93bd_7.conda
      - conda: https://conda.anaconda.org/conda-forge/noarch/future-1.0.0-pyhd8ed1ab_2.conda
      - conda: https://conda.anaconda.org/conda-forge/osx-arm64/icu-75.1-hfee45f7_0.conda
      - conda: https://conda.anaconda.org/conda-forge/osx-arm64/krb5-1.21.3-h237132a_0.conda
      - conda: https://conda.anaconda.org/conda-forge/osx-arm64/libcxx-20.1.6-ha82da77_0.conda
      - conda: https://conda.anaconda.org/conda-forge/osx-arm64/libedit-3.1.20250104-pl5321hafb1f1b_0.conda
      - conda: https://conda.anaconda.org/conda-forge/osx-arm64/libexpat-2.7.0-h286801f_0.conda
      - conda: https://conda.anaconda.org/conda-forge/osx-arm64/libffi-3.4.6-h1da3d7d_1.conda
      - conda: https://conda.anaconda.org/conda-forge/osx-arm64/liblzma-5.8.1-h39f12f2_1.conda
      - conda: https://conda.anaconda.org/conda-forge/osx-arm64/libmpdec-4.0.0-h5505292_0.conda
      - conda: https://conda.anaconda.org/conda-forge/osx-arm64/libntlm-1.8-h5505292_0.conda
      - conda: https://conda.anaconda.org/conda-forge/osx-arm64/libpq-17.5-h6896619_0.conda
      - conda: https://conda.anaconda.org/conda-forge/osx-arm64/libsqlite-3.50.0-h3f77e49_0.conda
      - conda: https://conda.anaconda.org/conda-forge/osx-arm64/libzlib-1.3.1-h8359307_2.conda
      - conda: https://conda.anaconda.org/conda-forge/osx-arm64/ncurses-6.5-h5e97a16_3.conda
      - conda: https://conda.anaconda.org/conda-forge/osx-arm64/openldap-2.6.10-hbe55e7a_0.conda
      - conda: https://conda.anaconda.org/conda-forge/osx-arm64/openssl-3.5.0-h81ee809_1.conda
      - conda: https://conda.anaconda.org/conda-forge/noarch/pathlib-1.0.1-py_1.tar.bz2
      - conda: https://conda.anaconda.org/conda-forge/osx-arm64/psycopg2-2.9.10-py313h3186b5d_0.conda
      - conda: https://conda.anaconda.org/conda-forge/noarch/psycopg2-binary-2.9-pyhd8ed1ab_0.tar.bz2
      - conda: https://conda.anaconda.org/conda-forge/noarch/pydantic-2.11.4-pyh3cfb1c2_0.conda
      - conda: https://conda.anaconda.org/conda-forge/osx-arm64/pydantic-core-2.33.2-py313hf3ab51e_0.conda
      - conda: https://conda.anaconda.org/conda-forge/osx-arm64/python-3.13.3-h81fe080_101_cp313.conda
      - conda: https://conda.anaconda.org/conda-forge/noarch/python_abi-3.13-7_cp313.conda
      - conda: https://conda.anaconda.org/conda-forge/osx-arm64/readline-8.2-h1d1bf99_2.conda
      - conda: https://conda.anaconda.org/conda-forge/noarch/setuptools-80.8.0-pyhff2d567_0.conda
      - conda: https://conda.anaconda.org/conda-forge/osx-arm64/tk-8.6.13-h892fb3f_2.conda
      - conda: https://conda.anaconda.org/conda-forge/noarch/typing-extensions-4.13.2-h0e9735f_0.conda
      - conda: https://conda.anaconda.org/conda-forge/noarch/typing-inspection-0.4.1-pyhd8ed1ab_0.conda
      - conda: https://conda.anaconda.org/conda-forge/noarch/typing_extensions-4.13.2-pyh29332c3_0.conda
      - conda: https://conda.anaconda.org/conda-forge/noarch/tzdata-2025b-h78e105d_0.conda
      - conda: https://conda.anaconda.org/conda-forge/noarch/wheel-0.45.1-pyhd8ed1ab_1.conda
      - pypi: https://files.pythonhosted.org/packages/22/74/07679c5b9f98a7cb0fc147b1ef1cc1853bc07a4eb9cb5731e24732c5f773/asyncio-3.4.3-py3-none-any.whl
      - pypi: https://files.pythonhosted.org/packages/0a/ce/3adf9e742bb22e4a4b3435f24111cb46a1d12731ba655ee00bb5ab0308cc/bleak-0.22.3-py3-none-any.whl
      - pypi: https://files.pythonhosted.org/packages/10/cb/f2ad4230dc2eb1a74edf38f1a38b9b52277f75bef262d8908e60d957e13c/blinker-1.9.0-py3-none-any.whl
      - pypi: https://files.pythonhosted.org/packages/f3/78/8e382b8cb4346119e2e04270b6eb4a01c5ee70b47a8a0244ecdb157204f7/DateTime-5.5-py3-none-any.whl
      - pypi: https://files.pythonhosted.org/packages/39/da/684354f7f0fc64134c9ea94df74de846aa225996e9ace97af8cd7058671b/gphoto2-2.5.1.tar.gz
      - pypi: https://files.pythonhosted.org/packages/31/77/3781f65cafe55480b56914def99022a5d2965a4bb269655c89ef2f1de3cd/importlib-1.0.4.zip
      - pypi: https://files.pythonhosted.org/packages/08/27/e7b8240c116cd8231ac33daaf982e36f77be33cf5448bbc568ce17371a79/pyobjc_core-10.3.2-cp313-cp313-macosx_10_13_universal2.whl
      - pypi: https://files.pythonhosted.org/packages/4e/c4/bccb4c05422170c0afccf6ebbdcc7551f7ddd03d2f7a65498d02cb179993/pyobjc_framework_Cocoa-10.3.2-cp313-cp313-macosx_10_13_universal2.whl
      - pypi: https://files.pythonhosted.org/packages/e9/10/d9554ce442269a3c25d9bed9d8a5ffdc1fb5ab71b74bc52749a5f26a96c7/pyobjc_framework_CoreBluetooth-10.3.2-cp36-abi3-macosx_11_0_universal2.whl
      - pypi: https://files.pythonhosted.org/packages/86/cc/ff00f7d2e1774e8bbab4da59793f094bdf97c9f0d178f6ace29a89413082/pyobjc_framework_libdispatch-10.3.2-cp313-cp313-macosx_10_13_universal2.whl
      - pypi: https://files.pythonhosted.org/packages/81/c4/34e93fe5f5429d7570ec1fa436f1986fb1f00c3e0f43a589fe2bbcd22c3f/pytz-2025.2-py2.py3-none-any.whl
      - pypi: https://files.pythonhosted.org/packages/cf/8d/be490e5db8400dacc89056f78a52d44b04fbf75e8439569d5b879623a53b/sqlalchemy-2.0.41-cp313-cp313-macosx_11_0_arm64.whl
      - pypi: https://files.pythonhosted.org/packages/16/91/484cd2d05569892b7fef7f5ceab3bc89fb0f8a8c0cde1030d383dbc5449c/sqlmodel-0.0.24-py3-none-any.whl
      - pypi: https://files.pythonhosted.org/packages/49/65/78e7cebca6be07c8fc4032bfbb123e500d60efdf7b86727bb8a071992108/zope.interface-7.2-cp313-cp313-macosx_11_0_arm64.whl
packages:
- conda: https://conda.anaconda.org/conda-forge/noarch/annotated-types-0.7.0-pyhd8ed1ab_1.conda
  sha256: e0ea1ba78fbb64f17062601edda82097fcf815012cf52bb704150a2668110d48
  md5: 2934f256a8acfe48f6ebb4fce6cde29c
  depends:
  - python >=3.9
  - typing-extensions >=4.0.0
  license: MIT
  license_family: MIT
  purls:
  - pkg:pypi/annotated-types?source=hash-mapping
  size: 18074
  timestamp: 1733247158254
- pypi: https://files.pythonhosted.org/packages/22/74/07679c5b9f98a7cb0fc147b1ef1cc1853bc07a4eb9cb5731e24732c5f773/asyncio-3.4.3-py3-none-any.whl
  name: asyncio
  version: 3.4.3
  sha256: c4d18b22701821de07bd6aea8b53d21449ec0ec5680645e5317062ea21817d2d
- pypi: https://files.pythonhosted.org/packages/0a/ce/3adf9e742bb22e4a4b3435f24111cb46a1d12731ba655ee00bb5ab0308cc/bleak-0.22.3-py3-none-any.whl
  name: bleak
  version: 0.22.3
  sha256: 1e62a9f5e0c184826e6c906e341d8aca53793e4596eeaf4e0b191e7aca5c461c
  requires_dist:
  - async-timeout>=3.0.0,<5 ; python_full_version < '3.11'
  - bleak-winrt>=1.2.0,<2.0.0 ; python_full_version < '3.12' and sys_platform == 'win32'
  - dbus-fast>=1.83.0,<3 ; sys_platform == 'linux'
  - pyobjc-core>=10.3,<11.0 ; sys_platform == 'darwin'
  - pyobjc-framework-corebluetooth>=10.3,<11.0 ; sys_platform == 'darwin'
  - pyobjc-framework-libdispatch>=10.3,<11.0 ; sys_platform == 'darwin'
  - typing-extensions>=4.7.0 ; python_full_version < '3.12'
  - winrt-windows-devices-bluetooth>=2,<3 ; python_full_version >= '3.12' and sys_platform == 'win32'
  - winrt-windows-devices-bluetooth-advertisement>=2,<3 ; python_full_version >= '3.12' and sys_platform == 'win32'
  - winrt-windows-devices-bluetooth-genericattributeprofile>=2,<3 ; python_full_version >= '3.12' and sys_platform == 'win32'
  - winrt-windows-devices-enumeration>=2,<3 ; python_full_version >= '3.12' and sys_platform == 'win32'
  - winrt-windows-foundation>=2,<3 ; python_full_version >= '3.12' and sys_platform == 'win32'
  - winrt-windows-foundation-collections>=2,<3 ; python_full_version >= '3.12' and sys_platform == 'win32'
  - winrt-windows-storage-streams>=2,<3 ; python_full_version >= '3.12' and sys_platform == 'win32'
  - winrt-runtime>=2,<3 ; python_full_version >= '3.12' and sys_platform == 'win32'
  requires_python: '>=3.8,<3.14'
- pypi: https://files.pythonhosted.org/packages/10/cb/f2ad4230dc2eb1a74edf38f1a38b9b52277f75bef262d8908e60d957e13c/blinker-1.9.0-py3-none-any.whl
  name: blinker
  version: 1.9.0
  sha256: ba0efaa9080b619ff2f3459d1d500c57bddea4a6b424b60a91141db6fd2f08bc
  requires_python: '>=3.9'
- conda: https://conda.anaconda.org/conda-forge/osx-arm64/bzip2-1.0.8-h99b78c6_7.conda
  sha256: adfa71f158cbd872a36394c56c3568e6034aa55c623634b37a4836bd036e6b91
  md5: fc6948412dbbbe9a4c9ddbbcfe0a79ab
  depends:
  - __osx >=11.0
  license: bzip2-1.0.6
  license_family: BSD
  purls: []
  size: 122909
  timestamp: 1720974522888
- conda: https://conda.anaconda.org/conda-forge/noarch/ca-certificates-2025.4.26-hbd8a1cb_0.conda
  sha256: 2a70ed95ace8a3f8a29e6cd1476a943df294a7111dfb3e152e3478c4c889b7ac
  md5: 95db94f75ba080a22eb623590993167b
  depends:
  - __unix
  license: ISC
  purls: []
  size: 152283
  timestamp: 1745653616541
- conda: https://conda.anaconda.org/conda-forge/osx-arm64/cyrus-sasl-2.1.27-h60b93bd_7.conda
  sha256: befd4d6e8b542d0c30aff47b098d43bbbe1bbf743ba6cd87a100d8a8731a6e03
  md5: 80a3b015d05a7d235db1bf09911fe08e
  depends:
  - krb5 >=1.21.1,<1.22.0a0
  - libcxx >=15.0.7
  - libntlm
  - openssl >=3.1.1,<4.0a0
  license: BSD-3-Clause-Attribution
  license_family: BSD
  purls: []
  size: 210957
  timestamp: 1690061457834
- pypi: https://files.pythonhosted.org/packages/f3/78/8e382b8cb4346119e2e04270b6eb4a01c5ee70b47a8a0244ecdb157204f7/DateTime-5.5-py3-none-any.whl
  name: datetime
  version: '5.5'
  sha256: 0abf6c51cb4ba7cee775ca46ccc727f3afdde463be28dbbe8803631fefd4a120
  requires_dist:
  - zope-interface
  - pytz
  requires_python: '>=3.7'
- conda: https://conda.anaconda.org/conda-forge/noarch/future-1.0.0-pyhd8ed1ab_2.conda
  sha256: 45dfd037889b7075c5eb46394f93172de0be0b1624c7f802dd3ecc94b814d8e0
  md5: 1054c53c95d85e35b88143a3eda66373
  depends:
  - python >=3.9
  license: MIT
  license_family: MIT
  purls:
  - pkg:pypi/future?source=hash-mapping
  size: 364561
  timestamp: 1738926525117
- pypi: https://files.pythonhosted.org/packages/39/da/684354f7f0fc64134c9ea94df74de846aa225996e9ace97af8cd7058671b/gphoto2-2.5.1.tar.gz
  name: gphoto2
  version: 2.5.1
  sha256: 26087b7dffa251a78d42d06c5f0d899beda08f572dbeb637a1a846adbc71dee1
- conda: https://conda.anaconda.org/conda-forge/osx-arm64/icu-75.1-hfee45f7_0.conda
  sha256: 9ba12c93406f3df5ab0a43db8a4b4ef67a5871dfd401010fbe29b218b2cbe620
  md5: 5eb22c1d7b3fc4abb50d92d621583137
  depends:
  - __osx >=11.0
  license: MIT
  license_family: MIT
  purls: []
  size: 11857802
  timestamp: 1720853997952
- pypi: https://files.pythonhosted.org/packages/31/77/3781f65cafe55480b56914def99022a5d2965a4bb269655c89ef2f1de3cd/importlib-1.0.4.zip
  name: importlib
  version: 1.0.4
  sha256: b6ee7066fea66e35f8d0acee24d98006de1a0a8a94a8ce6efe73a9a23c8d9826
- conda: https://conda.anaconda.org/conda-forge/osx-arm64/krb5-1.21.3-h237132a_0.conda
  sha256: 4442f957c3c77d69d9da3521268cad5d54c9033f1a73f99cde0a3658937b159b
  md5: c6dc8a0fdec13a0565936655c33069a1
  depends:
  - __osx >=11.0
  - libcxx >=16
  - libedit >=3.1.20191231,<3.2.0a0
  - libedit >=3.1.20191231,<4.0a0
  - openssl >=3.3.1,<4.0a0
  license: MIT
  license_family: MIT
  purls: []
  size: 1155530
  timestamp: 1719463474401
- conda: https://conda.anaconda.org/conda-forge/osx-arm64/libcxx-20.1.6-ha82da77_0.conda
  sha256: b74ec832ec05571f8747c9bd5f96b93d76489909b4f6f37d99d576dc955f21e9
  md5: 95c1830841844ef54e07efed1654b47f
  depends:
  - __osx >=11.0
  license: Apache-2.0 WITH LLVM-exception
  license_family: Apache
  purls: []
  size: 567539
  timestamp: 1748495055530
- conda: https://conda.anaconda.org/conda-forge/osx-arm64/libedit-3.1.20250104-pl5321hafb1f1b_0.conda
  sha256: 66aa216a403de0bb0c1340a88d1a06adaff66bae2cfd196731aa24db9859d631
  md5: 44083d2d2c2025afca315c7a172eab2b
  depends:
  - ncurses
  - __osx >=11.0
  - ncurses >=6.5,<7.0a0
  license: BSD-2-Clause
  license_family: BSD
  purls: []
  size: 107691
  timestamp: 1738479560845
- conda: https://conda.anaconda.org/conda-forge/osx-arm64/libexpat-2.7.0-h286801f_0.conda
  sha256: ee550e44765a7bbcb2a0216c063dcd53ac914a7be5386dd0554bd06e6be61840
  md5: 6934bbb74380e045741eb8637641a65b
  depends:
  - __osx >=11.0
  constrains:
  - expat 2.7.0.*
  license: MIT
  license_family: MIT
  purls: []
  size: 65714
  timestamp: 1743431789879
- conda: https://conda.anaconda.org/conda-forge/osx-arm64/libffi-3.4.6-h1da3d7d_1.conda
  sha256: c6a530924a9b14e193ea9adfe92843de2a806d1b7dbfd341546ece9653129e60
  md5: c215a60c2935b517dcda8cad4705734d
  depends:
  - __osx >=11.0
  license: MIT
  license_family: MIT
  purls: []
  size: 39839
  timestamp: 1743434670405
- conda: https://conda.anaconda.org/conda-forge/osx-arm64/liblzma-5.8.1-h39f12f2_1.conda
  sha256: 5ab62c179229640c34491a7de806ad4ab7bec47ea2b5fc2136e3b8cf5ef26a57
  md5: 4e8ef3d79c97c9021b34d682c24c2044
  depends:
  - __osx >=11.0
  constrains:
  - xz 5.8.1.*
  - xz ==5.8.1=*_1
  license: 0BSD
  purls: []
  size: 92218
  timestamp: 1746531818330
- conda: https://conda.anaconda.org/conda-forge/osx-arm64/libmpdec-4.0.0-h5505292_0.conda
  sha256: 0a1875fc1642324ebd6c4ac864604f3f18f57fbcf558a8264f6ced028a3c75b2
  md5: 85ccccb47823dd9f7a99d2c7f530342f
  depends:
  - __osx >=11.0
  license: BSD-2-Clause
  license_family: BSD
  purls: []
  size: 71829
  timestamp: 1748393749336
- conda: https://conda.anaconda.org/conda-forge/osx-arm64/libntlm-1.8-h5505292_0.conda
  sha256: ea8c680924d957e12270dca549620327d5e986f23c4bd5f45627167ca6ef7a3b
  md5: c90c1d3bd778f5ec0d4bb4ef36cbd5b6
  depends:
  - __osx >=11.0
  license: LGPL-2.1-or-later
  purls: []
  size: 31099
  timestamp: 1734670168822
- conda: https://conda.anaconda.org/conda-forge/osx-arm64/libpq-17.5-h6896619_0.conda
  sha256: afbb8282276224934d1fd13c32253f8b349818f6393c43f5582096f2ebae3b0e
  md5: 2fac681a36e09ee3c904fb486be1b6b8
  depends:
  - __osx >=11.0
  - icu >=75.1,<76.0a0
  - krb5 >=1.21.3,<1.22.0a0
  - openldap >=2.6.9,<2.7.0a0
  - openssl >=3.5.0,<4.0a0
  license: PostgreSQL
  purls: []
  size: 2502508
  timestamp: 1746744054052
- conda: https://conda.anaconda.org/conda-forge/osx-arm64/libsqlite-3.50.0-h3f77e49_0.conda
  sha256: 80bbe9c53d4bf2e842eccdd089653d0659972deba7057cda3ebaebaf43198f79
  md5: cda0ec640bc4698d0813a8fb459aee58
  depends:
  - __osx >=11.0
  - libzlib >=1.3.1,<2.0a0
  license: Unlicense
  purls: []
  size: 901545
  timestamp: 1748550158812
- conda: https://conda.anaconda.org/conda-forge/osx-arm64/libzlib-1.3.1-h8359307_2.conda
  sha256: ce34669eadaba351cd54910743e6a2261b67009624dbc7daeeafdef93616711b
  md5: 369964e85dc26bfe78f41399b366c435
  depends:
  - __osx >=11.0
  constrains:
  - zlib 1.3.1 *_2
  license: Zlib
  license_family: Other
  purls: []
  size: 46438
  timestamp: 1727963202283
- conda: https://conda.anaconda.org/conda-forge/osx-arm64/ncurses-6.5-h5e97a16_3.conda
  sha256: 2827ada40e8d9ca69a153a45f7fd14f32b2ead7045d3bbb5d10964898fe65733
  md5: 068d497125e4bf8a66bf707254fff5ae
  depends:
  - __osx >=11.0
  license: X11 AND BSD-3-Clause
  purls: []
  size: 797030
  timestamp: 1738196177597
- conda: https://conda.anaconda.org/conda-forge/osx-arm64/openldap-2.6.10-hbe55e7a_0.conda
  sha256: 08d859836b81296c16f74336c3a9a455b23d57ce1d7c2b0b3e1b7a07f984c677
  md5: 6fd5d73c63b5d37d9196efb4f044af76
  depends:
  - __osx >=11.0
  - cyrus-sasl >=2.1.27,<3.0a0
  - krb5 >=1.21.3,<1.22.0a0
  - libcxx >=18
  - openssl >=3.5.0,<4.0a0
  license: OLDAP-2.8
  license_family: BSD
  purls: []
  size: 843597
  timestamp: 1748010484231
- conda: https://conda.anaconda.org/conda-forge/osx-arm64/openssl-3.5.0-h81ee809_1.conda
  sha256: 73d366c1597a10bcd5f3604b5f0734b31c23225536e03782c6a13f9be9d01bff
  md5: 5c7aef00ef60738a14e0e612cfc5bcde
  depends:
  - __osx >=11.0
  - ca-certificates
  license: Apache-2.0
  license_family: Apache
  purls: []
  size: 3064197
  timestamp: 1746223530698
- conda: https://conda.anaconda.org/conda-forge/noarch/pathlib-1.0.1-py_1.tar.bz2
  sha256: ab8c9402ef7d8e8b23b66f27a5e9eafd63d3193c6531a62b4ae9b8a949f356e7
  md5: 930df2b5ca63ffdd1dd5f8b235f344a2
  depends:
  - python
  license: MIT
  license_family: MIT
  purls:
  - pkg:pypi/pathlib?source=hash-mapping
  size: 14998
  timestamp: 1531194126420
- conda: https://conda.anaconda.org/conda-forge/osx-arm64/psycopg2-2.9.10-py313h3186b5d_0.conda
  sha256: bcfcd5087a50639e1cb89c330f387d755f250fd4f5618400e59cee097af9ea12
  md5: c3607c0bc055beae263a9eebd70d5b1e
  depends:
  - __osx >=11.0
  - libpq >=17.5,<18.0a0
  - openssl >=3.5.0,<4.0a0
  - python >=3.13,<3.14.0a0
  - python >=3.13,<3.14.0a0 *_cp313
  - python_abi 3.13.* *_cp313
  license: LGPL-3.0-or-later
  license_family: LGPL
  purls:
  - pkg:pypi/psycopg2?source=hash-mapping
  size: 169872
  timestamp: 1747320464995
- conda: https://conda.anaconda.org/conda-forge/noarch/psycopg2-binary-2.9-pyhd8ed1ab_0.tar.bz2
  sha256: dbf0ef3d03ce4a93e7534f0c7bed07ea4ef254135463c85c4818b477e56375a5
  md5: f1d34cf1c3bbd35be9b1316b27c7e96e
  depends:
  - psycopg2 >=2.9,<2.10.0a0
  - python >=3.6
  license: LGPL-3.0-or-later
  license_family: LGPL
  purls:
  - pkg:pypi/psycopg2-binary?source=hash-mapping
  size: 7107
  timestamp: 1623887882004
- conda: https://conda.anaconda.org/conda-forge/noarch/pydantic-2.11.4-pyh3cfb1c2_0.conda
  sha256: a522473505ac6a9c10bb304d7338459a406ba22a6d3bb1a355c1b5283553a372
  md5: 8ad3ad8db5ce2ba470c9facc37af00a9
  depends:
  - annotated-types >=0.6.0
  - pydantic-core 2.33.2
  - python >=3.9
  - typing-extensions >=4.6.1
  - typing-inspection >=0.4.0
  - typing_extensions >=4.12.2
  license: MIT
  license_family: MIT
  purls:
  - pkg:pypi/pydantic?source=compressed-mapping
  size: 306304
  timestamp: 1746632069456
- conda: https://conda.anaconda.org/conda-forge/osx-arm64/pydantic-core-2.33.2-py313hf3ab51e_0.conda
  sha256: a70d31e04b81df4c98821668d87089279284d2dbcc70413f791eaa60b28f42fd
  md5: 0d5685f410c4234af909cde6fac63cb0
  depends:
  - python
  - typing-extensions >=4.6.0,!=4.7.0
  - python 3.13.* *_cp313
  - __osx >=11.0
  - python_abi 3.13.* *_cp313
  constrains:
  - __osx >=11.0
  license: MIT
  license_family: MIT
  purls:
  - pkg:pypi/pydantic-core?source=hash-mapping
  size: 1720344
  timestamp: 1746625313921
- pypi: https://files.pythonhosted.org/packages/08/27/e7b8240c116cd8231ac33daaf982e36f77be33cf5448bbc568ce17371a79/pyobjc_core-10.3.2-cp313-cp313-macosx_10_13_universal2.whl
  name: pyobjc-core
  version: 10.3.2
  sha256: 76b8b911d94501dac89821df349b1860bb770dce102a1a293f524b5b09dd9462
  requires_python: '>=3.8'
- pypi: https://files.pythonhosted.org/packages/4e/c4/bccb4c05422170c0afccf6ebbdcc7551f7ddd03d2f7a65498d02cb179993/pyobjc_framework_Cocoa-10.3.2-cp313-cp313-macosx_10_13_universal2.whl
  name: pyobjc-framework-cocoa
  version: 10.3.2
  sha256: f1161b5713f9b9934c12649d73a6749617172e240f9431eff9e22175262fdfda
  requires_dist:
  - pyobjc-core>=10.3.2
  requires_python: '>=3.8'
- pypi: https://files.pythonhosted.org/packages/e9/10/d9554ce442269a3c25d9bed9d8a5ffdc1fb5ab71b74bc52749a5f26a96c7/pyobjc_framework_CoreBluetooth-10.3.2-cp36-abi3-macosx_11_0_universal2.whl
  name: pyobjc-framework-corebluetooth
  version: 10.3.2
  sha256: 62e09e730f4d98384f1b6d44718812195602b3c82d5c78e09f60e8a934e7b266
  requires_dist:
  - pyobjc-core>=10.3.2
  - pyobjc-framework-cocoa>=10.3.2
  requires_python: '>=3.8'
- pypi: https://files.pythonhosted.org/packages/86/cc/ff00f7d2e1774e8bbab4da59793f094bdf97c9f0d178f6ace29a89413082/pyobjc_framework_libdispatch-10.3.2-cp313-cp313-macosx_10_13_universal2.whl
  name: pyobjc-framework-libdispatch
  version: 10.3.2
  sha256: 1357729d5fded08fbf746834ebeef27bee07d6acb991f3b8366e8f4319d882c4
  requires_dist:
  - pyobjc-core>=10.3.2
  - pyobjc-framework-cocoa>=10.3.2
  requires_python: '>=3.8'
- conda: https://conda.anaconda.org/conda-forge/osx-arm64/python-3.13.3-h81fe080_101_cp313.conda
  build_number: 101
  sha256: f96468ab1e6f27bda92157bfc7f272d1fbf2ba2f85697bdc5bb106bccba1befb
  md5: b3240ae8c42a3230e0b7f831e1c72e9f
  depends:
  - __osx >=11.0
  - bzip2 >=1.0.8,<2.0a0
  - libexpat >=2.7.0,<3.0a0
  - libffi >=3.4.6,<3.5.0a0
  - liblzma >=5.8.1,<6.0a0
  - libmpdec >=4.0.0,<5.0a0
  - libsqlite >=3.49.1,<4.0a0
  - libzlib >=1.3.1,<2.0a0
  - ncurses >=6.5,<7.0a0
  - openssl >=3.5.0,<4.0a0
  - python_abi 3.13.* *_cp313
  - readline >=8.2,<9.0a0
  - tk >=8.6.13,<8.7.0a0
  - tzdata
  license: Python-2.0
  purls: []
  size: 12136505
  timestamp: 1744663807953
  python_site_packages_path: lib/python3.13/site-packages
- conda: https://conda.anaconda.org/conda-forge/noarch/python_abi-3.13-7_cp313.conda
  build_number: 7
  sha256: 0595134584589064f56e67d3de1d8fcbb673a972946bce25fb593fb092fdcd97
  md5: e84b44e6300f1703cb25d29120c5b1d8
  constrains:
  - python 3.13.* *_cp313
  license: BSD-3-Clause
  license_family: BSD
  purls: []
  size: 6988
  timestamp: 1745258852285
- pypi: https://files.pythonhosted.org/packages/81/c4/34e93fe5f5429d7570ec1fa436f1986fb1f00c3e0f43a589fe2bbcd22c3f/pytz-2025.2-py2.py3-none-any.whl
  name: pytz
  version: '2025.2'
  sha256: 5ddf76296dd8c44c26eb8f4b6f35488f3ccbf6fbbd7adee0b7262d43f0ec2f00
- conda: https://conda.anaconda.org/conda-forge/osx-arm64/readline-8.2-h1d1bf99_2.conda
  sha256: 7db04684d3904f6151eff8673270922d31da1eea7fa73254d01c437f49702e34
  md5: 63ef3f6e6d6d5c589e64f11263dc5676
  depends:
  - ncurses >=6.5,<7.0a0
  license: GPL-3.0-only
  license_family: GPL
  purls: []
  size: 252359
  timestamp: 1740379663071
- conda: https://conda.anaconda.org/conda-forge/noarch/setuptools-80.8.0-pyhff2d567_0.conda
  sha256: 56ce31d15786e1df2f1105076f3650cd7c1892e0afeeb9aa92a08d2551af2e34
  md5: ea075e94dc0106c7212128b6a25bbc4c
  depends:
  - python >=3.9
  license: MIT
  license_family: MIT
  purls:
  - pkg:pypi/setuptools?source=hash-mapping
  size: 748621
  timestamp: 1747807014292
- pypi: https://files.pythonhosted.org/packages/cf/8d/be490e5db8400dacc89056f78a52d44b04fbf75e8439569d5b879623a53b/sqlalchemy-2.0.41-cp313-cp313-macosx_11_0_arm64.whl
  name: sqlalchemy
  version: 2.0.41
  sha256: d4ae769b9c1c7757e4ccce94b0641bc203bbdf43ba7a2413ab2523d8d047d8dc
  requires_dist:
  - importlib-metadata ; python_full_version < '3.8'
  - greenlet>=1 ; (python_full_version < '3.14' and platform_machine == 'AMD64') or (python_full_version < '3.14' and platform_machine == 'WIN32') or (python_full_version < '3.14' and platform_machine == 'aarch64') or (python_full_version < '3.14' and platform_machine == 'amd64') or (python_full_version < '3.14' and platform_machine == 'ppc64le') or (python_full_version < '3.14' and platform_machine == 'win32') or (python_full_version < '3.14' and platform_machine == 'x86_64')
  - typing-extensions>=4.6.0
  - greenlet>=1 ; extra == 'asyncio'
  - mypy>=0.910 ; extra == 'mypy'
  - pyodbc ; extra == 'mssql'
  - pymssql ; extra == 'mssql-pymssql'
  - pyodbc ; extra == 'mssql-pyodbc'
  - mysqlclient>=1.4.0 ; extra == 'mysql'
  - mysql-connector-python ; extra == 'mysql-connector'
  - mariadb>=1.0.1,!=1.1.2,!=1.1.5,!=1.1.10 ; extra == 'mariadb-connector'
  - cx-oracle>=8 ; extra == 'oracle'
  - oracledb>=1.0.1 ; extra == 'oracle-oracledb'
  - psycopg2>=2.7 ; extra == 'postgresql'
  - pg8000>=1.29.1 ; extra == 'postgresql-pg8000'
  - greenlet>=1 ; extra == 'postgresql-asyncpg'
  - asyncpg ; extra == 'postgresql-asyncpg'
  - psycopg2-binary ; extra == 'postgresql-psycopg2binary'
  - psycopg2cffi ; extra == 'postgresql-psycopg2cffi'
  - psycopg>=3.0.7 ; extra == 'postgresql-psycopg'
  - psycopg[binary]>=3.0.7 ; extra == 'postgresql-psycopgbinary'
  - pymysql ; extra == 'pymysql'
  - greenlet>=1 ; extra == 'aiomysql'
  - aiomysql>=0.2.0 ; extra == 'aiomysql'
  - greenlet>=1 ; extra == 'aioodbc'
  - aioodbc ; extra == 'aioodbc'
  - greenlet>=1 ; extra == 'asyncmy'
  - asyncmy>=0.2.3,!=0.2.4,!=0.2.6 ; extra == 'asyncmy'
  - greenlet>=1 ; extra == 'aiosqlite'
  - aiosqlite ; extra == 'aiosqlite'
  - typing-extensions!=3.10.0.1 ; extra == 'aiosqlite'
  - sqlcipher3-binary ; extra == 'sqlcipher'
  requires_python: '>=3.7'
- pypi: https://files.pythonhosted.org/packages/16/91/484cd2d05569892b7fef7f5ceab3bc89fb0f8a8c0cde1030d383dbc5449c/sqlmodel-0.0.24-py3-none-any.whl
  name: sqlmodel
  version: 0.0.24
  sha256: 6778852f09370908985b667d6a3ab92910d0d5ec88adcaf23dbc242715ff7193
  requires_dist:
  - sqlalchemy>=2.0.14,<2.1.0
  - pydantic>=1.10.13,<3.0.0
  requires_python: '>=3.7'
- conda: https://conda.anaconda.org/conda-forge/osx-arm64/tk-8.6.13-h892fb3f_2.conda
  sha256: cb86c522576fa95c6db4c878849af0bccfd3264daf0cc40dd18e7f4a7bfced0e
  md5: 7362396c170252e7b7b0c8fb37fe9c78
  depends:
  - __osx >=11.0
  - libzlib >=1.3.1,<2.0a0
  license: TCL
  license_family: BSD
  purls: []
  size: 3125538
  timestamp: 1748388189063
- conda: https://conda.anaconda.org/conda-forge/noarch/typing-extensions-4.13.2-h0e9735f_0.conda
  sha256: 4865fce0897d3cb0ffc8998219157a8325f6011c136e6fd740a9a6b169419296
  md5: 568ed1300869dca0ba09fb750cda5dbb
  depends:
  - typing_extensions ==4.13.2 pyh29332c3_0
  license: PSF-2.0
  license_family: PSF
  purls: []
  size: 89900
  timestamp: 1744302253997
- conda: https://conda.anaconda.org/conda-forge/noarch/typing-inspection-0.4.1-pyhd8ed1ab_0.conda
  sha256: 4259a7502aea516c762ca8f3b8291b0d4114e094bdb3baae3171ccc0900e722f
  md5: e0c3cd765dc15751ee2f0b03cd015712
  depends:
  - python >=3.9
  - typing_extensions >=4.12.0
  license: MIT
  license_family: MIT
  purls:
  - pkg:pypi/typing-inspection?source=compressed-mapping
  size: 18809
  timestamp: 1747870776989
- conda: https://conda.anaconda.org/conda-forge/noarch/typing_extensions-4.13.2-pyh29332c3_0.conda
  sha256: a8aaf351e6461de0d5d47e4911257e25eec2fa409d71f3b643bb2f748bde1c08
  md5: 83fc6ae00127671e301c9f44254c31b8
  depends:
  - python >=3.9
  - python
  license: PSF-2.0
  license_family: PSF
  purls:
  - pkg:pypi/typing-extensions?source=compressed-mapping
  size: 52189
  timestamp: 1744302253997
- conda: https://conda.anaconda.org/conda-forge/noarch/tzdata-2025b-h78e105d_0.conda
  sha256: 5aaa366385d716557e365f0a4e9c3fca43ba196872abbbe3d56bb610d131e192
  md5: 4222072737ccff51314b5ece9c7d6f5a
  license: LicenseRef-Public-Domain
  purls: []
  size: 122968
  timestamp: 1742727099393
- conda: https://conda.anaconda.org/conda-forge/noarch/wheel-0.45.1-pyhd8ed1ab_1.conda
  sha256: 1b34021e815ff89a4d902d879c3bd2040bc1bd6169b32e9427497fa05c55f1ce
  md5: 75cb7132eb58d97896e173ef12ac9986
  depends:
  - python >=3.9
  license: MIT
  license_family: MIT
  purls:
  - pkg:pypi/wheel?source=hash-mapping
  size: 62931
  timestamp: 1733130309598
- pypi: https://files.pythonhosted.org/packages/49/65/78e7cebca6be07c8fc4032bfbb123e500d60efdf7b86727bb8a071992108/zope.interface-7.2-cp313-cp313-macosx_11_0_arm64.whl
  name: zope-interface
  version: '7.2'
  sha256: 15398c000c094b8855d7d74f4fdc9e73aa02d4d0d5c775acdef98cdb1119768d
  requires_dist:
  - setuptools
  - sphinx ; extra == 'docs'
  - repoze-sphinx-autointerface ; extra == 'docs'
  - furo ; extra == 'docs'
  - coverage[toml] ; extra == 'test'
  - zope-event ; extra == 'test'
  - zope-testing ; extra == 'test'
  - coverage[toml] ; extra == 'testing'
  - zope-event ; extra == 'testing'
  - zope-testing ; extra == 'testing'
  requires_python: '>=3.8'
